
Microsoft Visual Studio Solution File, Format Version 12.00
# Visual Studio Version 16
VisualStudioVersion = 16.0.31515.178
MinimumVisualStudioVersion = 10.0.40219.1
Project("{8BC9CEB8-8B4A-11D0-8D11-00A0C91BC942}") = "wgnuplot", "wgnuplot\wgnuplot.vcxproj", "{D824ED67-D000-4DBB-960C-43B8C70FAF47}"
EndProject
Project("{8BC9CEB8-8B4A-11D0-8D11-00A0C91BC942}") = "gnuplot", "gnuplot\gnuplot.vcxproj", "{0736B3E8-9B2A-438F-BE58-AF1FA49A8087}"
EndProject
Project("{2150E333-8FDC-42A3-9474-1A3956D46DE8}") = "BuildTools", "BuildTools", "{ED0610C0-7675-477E-BC00-ABDBD1894E3B}"
EndProject
Project("{8BC9CEB8-8B4A-11D0-8D11-00A0C91BC942}") = "doc2html", "doc2html\doc2html.vcxproj", "{DDA41D1D-9BA3-4488-BDC8-543517CCB1C7}"
	ProjectSection(ProjectDependencies) = postProject
		{0736B3E8-9B2A-438F-BE58-AF1FA49A8087} = {0736B3E8-9B2A-438F-BE58-AF1FA49A8087}
	EndProjectSection
EndProject
Project("{9A19103F-16F7-4668-BE54-9A1E7A4F7556}") = "webify", "webify\webify.csproj", "{A1FE297D-80F8-48E4-8D6B-84B373E8F8A8}"
EndProject
Global
	GlobalSection(SolutionConfigurationPlatforms) = preSolution
		Debug|Any CPU = Debug|Any CPU
		Debug|x64 = Debug|x64
		Debug|x86 = Debug|x86
		Release|Any CPU = Release|Any CPU
		Release|x64 = Release|x64
		Release|x86 = Release|x86
	EndGlobalSection
	GlobalSection(ProjectConfigurationPlatforms) = postSolution
		{D824ED67-D000-4DBB-960C-43B8C70FAF47}.Debug|Any CPU.ActiveCfg = Debug|Win32
		{D824ED67-D000-4DBB-960C-43B8C70FAF47}.Debug|x64.ActiveCfg = Debug|x64
		{D824ED67-D000-4DBB-960C-43B8C70FAF47}.Debug|x64.Build.0 = Debug|x64
		{D824ED67-D000-4DBB-960C-43B8C70FAF47}.Debug|x86.ActiveCfg = Debug|Win32
		{D824ED67-D000-4DBB-960C-43B8C70FAF47}.Debug|x86.Build.0 = Debug|Win32
		{D824ED67-D000-4DBB-960C-43B8C70FAF47}.Release|Any CPU.ActiveCfg = Release|Win32
		{D824ED67-D000-4DBB-960C-43B8C70FAF47}.Release|x64.ActiveCfg = Release|x64
		{D824ED67-D000-4DBB-960C-43B8C70FAF47}.Release|x64.Build.0 = Release|x64
		{D824ED67-D000-4DBB-960C-43B8C70FAF47}.Release|x86.ActiveCfg = Release|Win32
		{D824ED67-D000-4DBB-960C-43B8C70FAF47}.Release|x86.Build.0 = Release|Win32
		{0736B3E8-9B2A-438F-BE58-AF1FA49A8087}.Debug|Any CPU.ActiveCfg = Debug|Win32
		{0736B3E8-9B2A-438F-BE58-AF1FA49A8087}.Debug|x64.ActiveCfg = Debug|x64
		{0736B3E8-9B2A-438F-BE58-AF1FA49A8087}.Debug|x64.Build.0 = Debug|x64
		{0736B3E8-9B2A-438F-BE58-AF1FA49A8087}.Debug|x86.ActiveCfg = Debug|Win32
		{0736B3E8-9B2A-438F-BE58-AF1FA49A8087}.Debug|x86.Build.0 = Debug|Win32
		{0736B3E8-9B2A-438F-BE58-AF1FA49A8087}.Release|Any CPU.ActiveCfg = Release|Win32
		{0736B3E8-9B2A-438F-BE58-AF1FA49A8087}.Release|x64.ActiveCfg = Release|x64
		{0736B3E8-9B2A-438F-BE58-AF1FA49A8087}.Release|x64.Build.0 = Release|x64
		{0736B3E8-9B2A-438F-BE58-AF1FA49A8087}.Release|x86.ActiveCfg = Release|Win32
		{0736B3E8-9B2A-438F-BE58-AF1FA49A8087}.Release|x86.Build.0 = Release|Win32
		{DDA41D1D-9BA3-4488-BDC8-543517CCB1C7}.Debug|Any CPU.ActiveCfg = Debug|Win32
		{DDA41D1D-9BA3-4488-BDC8-543517CCB1C7}.Debug|x64.ActiveCfg = Debug|x64
		{DDA41D1D-9BA3-4488-BDC8-543517CCB1C7}.Debug|x64.Build.0 = Debug|x64
		{DDA41D1D-9BA3-4488-BDC8-543517CCB1C7}.Debug|x86.ActiveCfg = Debug|Win32
		{DDA41D1D-9BA3-4488-BDC8-543517CCB1C7}.Debug|x86.Build.0 = Debug|Win32
		{DDA41D1D-9BA3-4488-BDC8-543517CCB1C7}.Release|Any CPU.ActiveCfg = Release|Win32
		{DDA41D1D-9BA3-4488-BDC8-543517CCB1C7}.Release|x64.ActiveCfg = Release|x64
		{DDA41D1D-9BA3-4488-BDC8-543517CCB1C7}.Release|x64.Build.0 = Release|x64
		{DDA41D1D-9BA3-4488-BDC8-543517CCB1C7}.Release|x86.ActiveCfg = Release|Win32
		{DDA41D1D-9BA3-4488-BDC8-543517CCB1C7}.Release|x86.Build.0 = Release|Win32
		{A1FE297D-80F8-48E4-8D6B-84B373E8F8A8}.Debug|Any CPU.ActiveCfg = Debug|Any CPU
		{A1FE297D-80F8-48E4-8D6B-84B373E8F8A8}.Debug|Any CPU.Build.0 = Debug|Any CPU
		{A1FE297D-80F8-48E4-8D6B-84B373E8F8A8}.Debug|x64.ActiveCfg = Debug|Any CPU
		{A1FE297D-80F8-48E4-8D6B-84B373E8F8A8}.Debug|x64.Build.0 = Debug|Any CPU
		{A1FE297D-80F8-48E4-8D6B-84B373E8F8A8}.Debug|x86.ActiveCfg = Debug|Any CPU
		{A1FE297D-80F8-48E4-8D6B-84B373E8F8A8}.Debug|x86.Build.0 = Debug|Any CPU
		{A1FE297D-80F8-48E4-8D6B-84B373E8F8A8}.Release|Any CPU.ActiveCfg = Release|Any CPU
		{A1FE297D-80F8-48E4-8D6B-84B373E8F8A8}.Release|Any CPU.Build.0 = Release|Any CPU
		{A1FE297D-80F8-48E4-8D6B-84B373E8F8A8}.Release|x64.ActiveCfg = Release|Any CPU
		{A1FE297D-80F8-48E4-8D6B-84B373E8F8A8}.Release|x64.Build.0 = Release|Any CPU
		{A1FE297D-80F8-48E4-8D6B-84B373E8F8A8}.Release|x86.ActiveCfg = Release|Any CPU
		{A1FE297D-80F8-48E4-8D6B-84B373E8F8A8}.Release|x86.Build.0 = Release|Any CPU
	EndGlobalSection
	GlobalSection(SolutionProperties) = preSolution
		HideSolutionNode = FALSE
	EndGlobalSection
	GlobalSection(NestedProjects) = preSolution
		{DDA41D1D-9BA3-4488-BDC8-543517CCB1C7} = {ED0610C0-7675-477E-BC00-ABDBD1894E3B}
		{A1FE297D-80F8-48E4-8D6B-84B373E8F8A8} = {ED0610C0-7675-477E-BC00-ABDBD1894E3B}
	EndGlobalSection
	GlobalSection(ExtensibilityGlobals) = postSolution
		SolutionGuid = {71104950-9E53-45D0-A2DF-E2EFC715C81C}
	EndGlobalSection
EndGlobal
